
Microsoft Visual Studio Solution File, Format Version 12.00
# Visual Studio Version 16
VisualStudioVersion = 16.0.31005.135
MinimumVisualStudioVersion = 10.0.40219.1
Project("{FAE04EC0-301F-11D3-BF4B-00C04F79EFBC}") = "masodik_het_fntfc6", "masodik_het_fntfc6\masodik_het_fntfc6.csproj", "{9A7A4B96-C075-43B1-B9CC-1AEEECD1E1AF}"
EndProject
Global
	GlobalSection(SolutionConfigurationPlatforms) = preSolution
		Debug|Any CPU = Debug|Any CPU
		Release|Any CPU = Release|Any CPU
	EndGlobalSection
	GlobalSection(ProjectConfigurationPlatforms) = postSolution
		{9A7A4B96-C075-43B1-B9CC-1AEEECD1E1AF}.Debug|Any CPU.ActiveCfg = Debug|Any CPU
		{9A7A4B96-C075-43B1-B9CC-1AEEECD1E1AF}.Debug|Any CPU.Build.0 = Debug|Any CPU
		{9A7A4B96-C075-43B1-B9CC-1AEEECD1E1AF}.Release|Any CPU.ActiveCfg = Release|Any CPU
		{9A7A4B96-C075-43B1-B9CC-1AEEECD1E1AF}.Release|Any CPU.Build.0 = Release|Any CPU
	EndGlobalSection
	GlobalSection(SolutionProperties) = preSolution
		HideSolutionNode = FALSE
	EndGlobalSection
	GlobalSection(ExtensibilityGlobals) = postSolution
		SolutionGuid = {38BD9003-D801-4770-A6F3-E805D2732A42}
	EndGlobalSection
EndGlobal
